
Microsoft Visual Studio Solution File, Format Version 12.00
# Visual Studio 2017
Project("{FAE04EC0-301F-11D3-BF4B-00C04F79EFBC}") = "Knockout - Copy", "Knockout - Copy.csproj", "{F7F7F898-0638-8929-1195-C7939F859C9F}"
EndProject
Global
	GlobalSection(SolutionConfigurationPlatforms) = preSolution
		Debug|Any CPU = Debug|Any CPU
		Release|Any CPU = Release|Any CPU
	EndGlobalSection
	GlobalSection(ProjectConfigurationPlatforms) = postSolution
		{F7F7F898-0638-8929-1195-C7939F859C9F}.Debug|Any CPU.ActiveCfg = Debug|Any CPU
		{F7F7F898-0638-8929-1195-C7939F859C9F}.Debug|Any CPU.Build.0 = Debug|Any CPU
		{F7F7F898-0638-8929-1195-C7939F859C9F}.Release|Any CPU.ActiveCfg = Release|Any CPU
		{F7F7F898-0638-8929-1195-C7939F859C9F}.Release|Any CPU.Build.0 = Release|Any CPU
	EndGlobalSection
	GlobalSection(SolutionProperties) = preSolution
		HideSolutionNode = FALSE
	EndGlobalSection
EndGlobal
